{
    "version": 3,
    "terraform_version": "0.10.7",
    "serial": 8,
    "lineage": "bb6e6f5b-ac93-42a2-b886-dce8af8716e5",
    "modules": [
        {
            "path": [
                "root"
            ],
            "outputs": {},
            "resources": {
                "aws_iam_role.validate_json_schema_1": {
                    "type": "aws_iam_role",
                    "depends_on": [],
                    "primary": {
                        "id": "iam_for_lambda",
                        "attributes": {
                            "arn": "arn:aws:iam::449553721369:role/iam_for_lambda",
                            "assume_role_policy": "{\"Version\":\"2012-10-17\",\"Statement\":[{\"Sid\":\"\",\"Effect\":\"Allow\",\"Principal\":{\"Service\":\"lambda.amazonaws.com\"},\"Action\":\"sts:AssumeRole\"}]}",
                            "create_date": "2017-10-15T14:14:27Z",
                            "force_detach_policies": "false",
                            "id": "iam_for_lambda",
                            "name": "iam_for_lambda",
                            "path": "/",
                            "unique_id": "AROAIHZMKLR7VTDCR445K"
                        },
                        "meta": {},
                        "tainted": false
                    },
                    "deposed": [],
                    "provider": ""
                },
                "aws_lambda_function.validate_json_schema_1": {
                    "type": "aws_lambda_function",
                    "depends_on": [
                        "aws_iam_role.validate_json_schema_1"
                    ],
                    "primary": {
                        "id": "validate_json_schema_1",
                        "attributes": {
                            "arn": "arn:aws:lambda:us-east-1:449553721369:function:validate_json_schema_1",
                            "dead_letter_config.#": "0",
                            "description": "",
                            "environment.#": "0",
                            "filename": "function.zip",
                            "function_name": "validate_json_schema_1",
                            "handler": "index.handler",
                            "id": "validate_json_schema_1",
                            "invoke_arn": "arn:aws:apigateway:us-east-1:lambda:path/2015-03-31/functions/arn:aws:lambda:us-east-1:449553721369:function:validate_json_schema_1/invocations",
                            "kms_key_arn": "",
                            "last_modified": "2017-10-15T15:06:31.850+0000",
                            "memory_size": "128",
                            "publish": "false",
                            "qualified_arn": "arn:aws:lambda:us-east-1:449553721369:function:validate_json_schema_1:$LATEST",
                            "role": "arn:aws:iam::449553721369:role/iam_for_lambda",
                            "runtime": "nodejs4.3",
                            "source_code_hash": "J0tTSkaHQYfalkBYx4UQjZXZ2YEoBkJ+9heRWO1fdT4=",
                            "tags.%": "0",
                            "timeout": "3",
                            "tracing_config.#": "1",
                            "tracing_config.0.mode": "PassThrough",
                            "version": "$LATEST",
                            "vpc_config.#": "0"
                        },
                        "meta": {},
                        "tainted": false
                    },
                    "deposed": [],
                    "provider": ""
                }
            },
            "depends_on": []
        }
    ]
}
